<?xml version="1.0" encoding="utf-8"?>
<Project ToolsVersion="4.0" xmlns="http://schemas.microsoft.com/developer/msbuild/2003">
  <ItemGroup>
    <Filter Include="Sources">
      <UniqueIdentifier>{1d9143d0-b7fe-4dfc-b101-de705342a8c6}</UniqueIdentifier>
    </Filter>
    <Filter Include="Sources\Objectively">
      <UniqueIdentifier>{bec79cfa-7c70-48a8-ad4e-02835e6eb71c}</UniqueIdentifier>
    </Filter>
    <Filter Include="Sources\gnu">
      <UniqueIdentifier>{0f421d94-5b46-40d0-95b0-1fa806888993}</UniqueIdentifier>
    </Filter>
    <Filter Include="Sources\libs">
      <UniqueIdentifier>{bb2ddbbf-58d9-444e-be99-d9547aae5372}</UniqueIdentifier>
    </Filter>
    <Filter Include="Sources\libs\dlfcn">
      <UniqueIdentifier>{cdf04fb1-ca24-4f1d-94d2-d4365099c196}</UniqueIdentifier>
    </Filter>
  </ItemGroup>
  <ItemGroup>
    <ClInclude Include="..\Sources\Objectively.h">
      <Filter>Sources</Filter>
    </ClInclude>
    <ClInclude Include="Sources\Windowly.h">
      <Filter>Sources</Filter>
    </ClInclude>
    <ClInclude Include="Sources\Objectively\Config.h">
      <Filter>Sources\Objectively</Filter>
    </ClInclude>
    <ClInclude Include="..\Sources\Objectively\Array.h">
      <Filter>Sources\Objectively</Filter>
    </ClInclude>
    <ClInclude Include="..\Sources\Objectively\Boole.h">
      <Filter>Sources\Objectively</Filter>
    </ClInclude>
    <ClInclude Include="..\Sources\Objectively\Class.h">
      <Filter>Sources\Objectively</Filter>
    </ClInclude>
    <ClInclude Include="..\Sources\Objectively\Condition.h">
      <Filter>Sources\Objectively</Filter>
    </ClInclude>
    <ClInclude Include="..\Sources\Objectively\Data.h">
      <Filter>Sources\Objectively</Filter>
    </ClInclude>
    <ClInclude Include="..\Sources\Objectively\Date.h">
      <Filter>Sources\Objectively</Filter>
    </ClInclude>
    <ClInclude Include="..\Sources\Objectively\DateFormatter.h">
      <Filter>Sources\Objectively</Filter>
    </ClInclude>
    <ClInclude Include="..\Sources\Objectively\Dictionary.h">
      <Filter>Sources\Objectively</Filter>
    </ClInclude>
    <ClInclude Include="..\Sources\Objectively\Enum.h">
      <Filter>Sources\Objectively</Filter>
    </ClInclude>
    <ClInclude Include="..\Sources\Objectively\Error.h">
      <Filter>Sources\Objectively</Filter>
    </ClInclude>
    <ClInclude Include="..\Sources\Objectively\Hash.h">
      <Filter>Sources\Objectively</Filter>
    </ClInclude>
    <ClInclude Include="..\Sources\Objectively\IndexPath.h">
      <Filter>Sources\Objectively</Filter>
    </ClInclude>
    <ClInclude Include="..\Sources\Objectively\IndexSet.h">
      <Filter>Sources\Objectively</Filter>
    </ClInclude>
    <ClInclude Include="..\Sources\Objectively\JSONPath.h">
      <Filter>Sources\Objectively</Filter>
    </ClInclude>
    <ClInclude Include="..\Sources\Objectively\JSONSerialization.h">
      <Filter>Sources\Objectively</Filter>
    </ClInclude>
    <ClInclude Include="..\Sources\Objectively\Lock.h">
      <Filter>Sources\Objectively</Filter>
    </ClInclude>
    <ClInclude Include="..\Sources\Objectively\Log.h">
      <Filter>Sources\Objectively</Filter>
    </ClInclude>
    <ClInclude Include="..\Sources\Objectively\MutableArray.h">
      <Filter>Sources\Objectively</Filter>
    </ClInclude>
    <ClInclude Include="..\Sources\Objectively\MutableData.h">
      <Filter>Sources\Objectively</Filter>
    </ClInclude>
    <ClInclude Include="..\Sources\Objectively\MutableDictionary.h">
      <Filter>Sources\Objectively</Filter>
    </ClInclude>
    <ClInclude Include="..\Sources\Objectively\MutableSet.h">
      <Filter>Sources\Objectively</Filter>
    </ClInclude>
    <ClInclude Include="..\Sources\Objectively\MutableString.h">
      <Filter>Sources\Objectively</Filter>
    </ClInclude>
    <ClInclude Include="..\Sources\Objectively\Null.h">
      <Filter>Sources\Objectively</Filter>
    </ClInclude>
    <ClInclude Include="..\Sources\Objectively\Number.h">
      <Filter>Sources\Objectively</Filter>
    </ClInclude>
    <ClInclude Include="..\Sources\Objectively\NumberFormatter.h">
      <Filter>Sources\Objectively</Filter>
    </ClInclude>
    <ClInclude Include="..\Sources\Objectively\Object.h">
      <Filter>Sources\Objectively</Filter>
    </ClInclude>
    <ClInclude Include="..\Sources\Objectively\Once.h">
      <Filter>Sources\Objectively</Filter>
    </ClInclude>
    <ClInclude Include="..\Sources\Objectively\Operation.h">
      <Filter>Sources\Objectively</Filter>
    </ClInclude>
    <ClInclude Include="..\Sources\Objectively\OperationQueue.h">
      <Filter>Sources\Objectively</Filter>
    </ClInclude>
    <ClInclude Include="..\Sources\Objectively\Resource.h">
      <Filter>Sources\Objectively</Filter>
    </ClInclude>
    <ClInclude Include="..\Sources\Objectively\Set.h">
      <Filter>Sources\Objectively</Filter>
    </ClInclude>
    <ClInclude Include="..\Sources\Objectively\String.h">
      <Filter>Sources\Objectively</Filter>
    </ClInclude>
    <ClInclude Include="..\Sources\Objectively\StringReader.h">
      <Filter>Sources\Objectively</Filter>
    </ClInclude>
    <ClInclude Include="..\Sources\Objectively\Thread.h">
      <Filter>Sources\Objectively</Filter>
    </ClInclude>
    <ClInclude Include="..\Sources\Objectively\Types.h">
      <Filter>Sources\Objectively</Filter>
    </ClInclude>
    <ClInclude Include="..\Sources\Objectively\URL.h">
      <Filter>Sources\Objectively</Filter>
    </ClInclude>
    <ClInclude Include="..\Sources\Objectively\URLRequest.h">
      <Filter>Sources\Objectively</Filter>
    </ClInclude>
    <ClInclude Include="..\Sources\Objectively\URLSession.h">
      <Filter>Sources\Objectively</Filter>
    </ClInclude>
    <ClInclude Include="..\Sources\Objectively\URLSessionConfiguration.h">
      <Filter>Sources\Objectively</Filter>
    </ClInclude>
    <ClInclude Include="..\Sources\Objectively\URLSessionDataTask.h">
      <Filter>Sources\Objectively</Filter>
    </ClInclude>
    <ClInclude Include="..\Sources\Objectively\URLSessionDownloadTask.h">
      <Filter>Sources\Objectively</Filter>
    </ClInclude>
    <ClInclude Include="..\Sources\Objectively\URLSessionTask.h">
      <Filter>Sources\Objectively</Filter>
    </ClInclude>
    <ClInclude Include="..\Sources\Objectively\URLSessionUploadTask.h">
      <Filter>Sources\Objectively</Filter>
    </ClInclude>
    <ClInclude Include="..\Sources\Objectively\Value.h">
      <Filter>Sources\Objectively</Filter>
    </ClInclude>
    <ClInclude Include="Sources\gnu\regex.h">
      <Filter>Sources\gnu</Filter>
    </ClInclude>
    <ClInclude Include="Sources\gnu\regex_internal.h">
      <Filter>Sources\gnu</Filter>
    </ClInclude>
    <ClInclude Include="Sources\gnu\langinfo.h">
      <Filter>Sources\gnu</Filter>
    </ClInclude>
    <ClInclude Include="Sources\gnu\intprops.h">
      <Filter>Sources\gnu</Filter>
    </ClInclude>
    <ClInclude Include="Sources\gnu\config.h">
      <Filter>Sources\gnu</Filter>
    </ClInclude>
    <ClInclude Include="..\Sources\Objectively\Regexp.h">
      <Filter>Sources\Objectively</Filter>
    </ClInclude>
    <ClInclude Include="libs\dlfcn\dlfcn.h">
      <Filter>Sources\libs\dlfcn</Filter>
    </ClInclude>
    <ClInclude Include="..\Sources\Objectively\URLResponse.h">
      <Filter>Sources\Objectively</Filter>
    </ClInclude>
  </ItemGroup>
  <ItemGroup>
    <ClCompile Include="Sources\Windowly.c">
      <Filter>Sources</Filter>
    </ClCompile>
    <ClCompile Include="..\Sources\Objectively\Array.c">
      <Filter>Sources\Objectively</Filter>
    </ClCompile>
    <ClCompile Include="..\Sources\Objectively\Boole.c">
      <Filter>Sources\Objectively</Filter>
    </ClCompile>
    <ClCompile Include="..\Sources\Objectively\Class.c">
      <Filter>Sources\Objectively</Filter>
    </ClCompile>
    <ClCompile Include="..\Sources\Objectively\Condition.c">
      <Filter>Sources\Objectively</Filter>
    </ClCompile>
    <ClCompile Include="..\Sources\Objectively\Data.c">
      <Filter>Sources\Objectively</Filter>
    </ClCompile>
    <ClCompile Include="..\Sources\Objectively\Date.c">
      <Filter>Sources\Objectively</Filter>
    </ClCompile>
    <ClCompile Include="..\Sources\Objectively\DateFormatter.c">
      <Filter>Sources\Objectively</Filter>
    </ClCompile>
    <ClCompile Include="..\Sources\Objectively\Dictionary.c">
      <Filter>Sources\Objectively</Filter>
    </ClCompile>
    <ClCompile Include="..\Sources\Objectively\Enum.c">
      <Filter>Sources\Objectively</Filter>
    </ClCompile>
    <ClCompile Include="..\Sources\Objectively\Error.c">
      <Filter>Sources\Objectively</Filter>
    </ClCompile>
    <ClCompile Include="..\Sources\Objectively\Hash.c">
      <Filter>Sources\Objectively</Filter>
    </ClCompile>
    <ClCompile Include="..\Sources\Objectively\IndexPath.c">
      <Filter>Sources\Objectively</Filter>
    </ClCompile>
    <ClCompile Include="..\Sources\Objectively\IndexSet.c">
      <Filter>Sources\Objectively</Filter>
    </ClCompile>
    <ClCompile Include="..\Sources\Objectively\JSONPath.c">
      <Filter>Sources\Objectively</Filter>
    </ClCompile>
    <ClCompile Include="..\Sources\Objectively\JSONSerialization.c">
      <Filter>Sources\Objectively</Filter>
    </ClCompile>
    <ClCompile Include="..\Sources\Objectively\Lock.c">
      <Filter>Sources\Objectively</Filter>
    </ClCompile>
    <ClCompile Include="..\Sources\Objectively\Log.c">
      <Filter>Sources\Objectively</Filter>
    </ClCompile>
    <ClCompile Include="..\Sources\Objectively\MutableArray.c">
      <Filter>Sources\Objectively</Filter>
    </ClCompile>
    <ClCompile Include="..\Sources\Objectively\MutableData.c">
      <Filter>Sources\Objectively</Filter>
    </ClCompile>
    <ClCompile Include="..\Sources\Objectively\MutableDictionary.c">
      <Filter>Sources\Objectively</Filter>
    </ClCompile>
    <ClCompile Include="..\Sources\Objectively\MutableSet.c">
      <Filter>Sources\Objectively</Filter>
    </ClCompile>
    <ClCompile Include="..\Sources\Objectively\MutableString.c">
      <Filter>Sources\Objectively</Filter>
    </ClCompile>
    <ClCompile Include="..\Sources\Objectively\Null.c">
      <Filter>Sources\Objectively</Filter>
    </ClCompile>
    <ClCompile Include="..\Sources\Objectively\Number.c">
      <Filter>Sources\Objectively</Filter>
    </ClCompile>
    <ClCompile Include="..\Sources\Objectively\NumberFormatter.c">
      <Filter>Sources\Objectively</Filter>
    </ClCompile>
    <ClCompile Include="..\Sources\Objectively\Object.c">
      <Filter>Sources\Objectively</Filter>
    </ClCompile>
    <ClCompile Include="..\Sources\Objectively\Operation.c">
      <Filter>Sources\Objectively</Filter>
    </ClCompile>
    <ClCompile Include="..\Sources\Objectively\OperationQueue.c">
      <Filter>Sources\Objectively</Filter>
    </ClCompile>
    <ClCompile Include="..\Sources\Objectively\Resource.c">
      <Filter>Sources\Objectively</Filter>
    </ClCompile>
    <ClCompile Include="..\Sources\Objectively\Set.c">
      <Filter>Sources\Objectively</Filter>
    </ClCompile>
    <ClCompile Include="..\Sources\Objectively\String.c">
      <Filter>Sources\Objectively</Filter>
    </ClCompile>
    <ClCompile Include="..\Sources\Objectively\StringReader.c">
      <Filter>Sources\Objectively</Filter>
    </ClCompile>
    <ClCompile Include="..\Sources\Objectively\Thread.c">
      <Filter>Sources\Objectively</Filter>
    </ClCompile>
    <ClCompile Include="..\Sources\Objectively\URL.c">
      <Filter>Sources\Objectively</Filter>
    </ClCompile>
    <ClCompile Include="..\Sources\Objectively\URLRequest.c">
      <Filter>Sources\Objectively</Filter>
    </ClCompile>
    <ClCompile Include="..\Sources\Objectively\URLSession.c">
      <Filter>Sources\Objectively</Filter>
    </ClCompile>
    <ClCompile Include="..\Sources\Objectively\URLSessionConfiguration.c">
      <Filter>Sources\Objectively</Filter>
    </ClCompile>
    <ClCompile Include="..\Sources\Objectively\URLSessionDataTask.c">
      <Filter>Sources\Objectively</Filter>
    </ClCompile>
    <ClCompile Include="..\Sources\Objectively\URLSessionDownloadTask.c">
      <Filter>Sources\Objectively</Filter>
    </ClCompile>
    <ClCompile Include="..\Sources\Objectively\URLSessionTask.c">
      <Filter>Sources\Objectively</Filter>
    </ClCompile>
    <ClCompile Include="..\Sources\Objectively\URLSessionUploadTask.c">
      <Filter>Sources\Objectively</Filter>
    </ClCompile>
    <ClCompile Include="..\Sources\Objectively\Value.c">
      <Filter>Sources\Objectively</Filter>
    </ClCompile>
    <ClCompile Include="..\Sources\Objectively\Regexp.c">
      <Filter>Sources\Objectively</Filter>
    </ClCompile>
    <ClCompile Include="Sources\gnu\regex.c">
      <Filter>Sources\gnu</Filter>
    </ClCompile>
    <ClCompile Include="..\Sources\Objectively\URLResponse.c">
      <Filter>Sources\Objectively</Filter>
    </ClCompile>
  </ItemGroup>
</Project>